
Microsoft Visual Studio Solution File, Format Version 12.00
# Visual Studio 15
VisualStudioVersion = 15.0.28307.539
MinimumVisualStudioVersion = 10.0.40219.1
Project("{FAE04EC0-301F-11D3-BF4B-00C04F79EFBC}") = "prism7", "prism7\prism7.csproj", "{1099D3A4-12BF-46F3-98FF-0ACCE36F47EC}"
EndProject
Project("{FAE04EC0-301F-11D3-BF4B-00C04F79EFBC}") = "ModuleOne", "DM.ModuleOne\ModuleOne.csproj", "{36B72692-ED5B-4DA8-98E7-795CAE23F342}"
EndProject
Project("{FAE04EC0-301F-11D3-BF4B-00C04F79EFBC}") = "XModule", "XModule\XModule.csproj", "{9CD9BC3B-FA29-4DE9-A1EC-537A0E685D9D}"
EndProject
Global
	GlobalSection(SolutionConfigurationPlatforms) = preSolution
		Debug|Any CPU = Debug|Any CPU
		Release|Any CPU = Release|Any CPU
	EndGlobalSection
	GlobalSection(ProjectConfigurationPlatforms) = postSolution
		{1099D3A4-12BF-46F3-98FF-0ACCE36F47EC}.Debug|Any CPU.ActiveCfg = Debug|Any CPU
		{1099D3A4-12BF-46F3-98FF-0ACCE36F47EC}.Debug|Any CPU.Build.0 = Debug|Any CPU
		{1099D3A4-12BF-46F3-98FF-0ACCE36F47EC}.Release|Any CPU.ActiveCfg = Release|Any CPU
		{1099D3A4-12BF-46F3-98FF-0ACCE36F47EC}.Release|Any CPU.Build.0 = Release|Any CPU
		{36B72692-ED5B-4DA8-98E7-795CAE23F342}.Debug|Any CPU.ActiveCfg = Debug|Any CPU
		{36B72692-ED5B-4DA8-98E7-795CAE23F342}.Debug|Any CPU.Build.0 = Debug|Any CPU
		{36B72692-ED5B-4DA8-98E7-795CAE23F342}.Release|Any CPU.ActiveCfg = Release|Any CPU
		{36B72692-ED5B-4DA8-98E7-795CAE23F342}.Release|Any CPU.Build.0 = Release|Any CPU
		{9CD9BC3B-FA29-4DE9-A1EC-537A0E685D9D}.Debug|Any CPU.ActiveCfg = Debug|Any CPU
		{9CD9BC3B-FA29-4DE9-A1EC-537A0E685D9D}.Debug|Any CPU.Build.0 = Debug|Any CPU
		{9CD9BC3B-FA29-4DE9-A1EC-537A0E685D9D}.Release|Any CPU.ActiveCfg = Release|Any CPU
		{9CD9BC3B-FA29-4DE9-A1EC-537A0E685D9D}.Release|Any CPU.Build.0 = Release|Any CPU
	EndGlobalSection
	GlobalSection(SolutionProperties) = preSolution
		HideSolutionNode = FALSE
	EndGlobalSection
	GlobalSection(ExtensibilityGlobals) = postSolution
		SolutionGuid = {F29CBD1B-4F30-4778-917E-103CCE71C385}
	EndGlobalSection
EndGlobal
